// !$*UTF8*$!
{
	archiveVersion = 1;
	classes = {
	};
	objectVersion = 55;
	objects = {

/* Begin PBXBuildFile section */
		4FBE47F214C83D5C27CC30BC /* Pods_Bestanimations.framework in Frameworks */ = {isa = PBXBuildFile; fileRef = D327142C0797F9652CC977D5 /* Pods_Bestanimations.framework */; };
		6D4502AC278DA88900784C49 /* AppDelegate.swift in Sources */ = {isa = PBXBuildFile; fileRef = 6D4502AB278DA88900784C49 /* AppDelegate.swift */; };
		6D4502AE278DA88900784C49 /* SceneDelegate.swift in Sources */ = {isa = PBXBuildFile; fileRef = 6D4502AD278DA88900784C49 /* SceneDelegate.swift */; };
		6D4502B0278DA88900784C49 /* ViewController.swift in Sources */ = {isa = PBXBuildFile; fileRef = 6D4502AF278DA88900784C49 /* ViewController.swift */; };
		6D4502B3278DA88900784C49 /* Main.storyboard in Resources */ = {isa = PBXBuildFile; fileRef = 6D4502B1278DA88900784C49 /* Main.storyboard */; };
		6D4502B5278DA88A00784C49 /* Assets.xcassets in Resources */ = {isa = PBXBuildFile; fileRef = 6D4502B4278DA88A00784C49 /* Assets.xcassets */; };
		6D4502B8278DA88A00784C49 /* LaunchScreen.storyboard in Resources */ = {isa = PBXBuildFile; fileRef = 6D4502B6278DA88A00784C49 /* LaunchScreen.storyboard */; };
		6D4502C2278DB90400784C49 /* Extension + UIButton.swift in Sources */ = {isa = PBXBuildFile; fileRef = 6D4502C1278DB90400784C49 /* Extension + UIButton.swift */; };
/* End PBXBuildFile section */

/* Begin PBXFileReference section */
		0D17F1E0E2925C1676FDFF68 /* Pods-Bestanimations.debug.xcconfig */ = {isa = PBXFileReference; includeInIndex = 1; lastKnownFileType = text.xcconfig; name = "Pods-Bestanimations.debug.xcconfig"; path = "Target Support Files/Pods-Bestanimations/Pods-Bestanimations.debug.xcconfig"; sourceTree = "<group>"; };
		6D4502A8278DA88900784C49 /* Bestanimations.app */ = {isa = PBXFileReference; explicitFileType = wrapper.application; includeInIndex = 0; path = Bestanimations.app; sourceTree = BUILT_PRODUCTS_DIR; };
		6D4502AB278DA88900784C49 /* AppDelegate.swift */ = {isa = PBXFileReference; lastKnownFileType = sourcecode.swift; path = AppDelegate.swift; sourceTree = "<group>"; };
		6D4502AD278DA88900784C49 /* SceneDelegate.swift */ = {isa = PBXFileReference; lastKnownFileType = sourcecode.swift; path = SceneDelegate.swift; sourceTree = "<group>"; };
		6D4502AF278DA88900784C49 /* ViewController.swift */ = {isa = PBXFileReference; lastKnownFileType = sourcecode.swift; path = ViewController.swift; sourceTree = "<group>"; };
		6D4502B2278DA88900784C49 /* Base */ = {isa = PBXFileReference; lastKnownFileType = file.storyboard; name = Base; path = Base.lproj/Main.storyboard; sourceTree = "<group>"; };
		6D4502B4278DA88A00784C49 /* Assets.xcassets */ = {isa = PBXFileReference; lastKnownFileType = folder.assetcatalog; path = Assets.xcassets; sourceTree = "<group>"; };
		6D4502B7278DA88A00784C49 /* Base */ = {isa = PBXFileReference; lastKnownFileType = file.storyboard; name = Base; path = Base.lproj/LaunchScreen.storyboard; sourceTree = "<group>"; };
		6D4502B9278DA88A00784C49 /* Info.plist */ = {isa = PBXFileReference; lastKnownFileType = text.plist.xml; path = Info.plist; sourceTree = "<group>"; };
		6D4502C1278DB90400784C49 /* Extension + UIButton.swift */ = {isa = PBXFileReference; lastKnownFileType = sourcecode.swift; path = "Extension + UIButton.swift"; sourceTree = "<group>"; };
		D327142C0797F9652CC977D5 /* Pods_Bestanimations.framework */ = {isa = PBXFileReference; explicitFileType = wrapper.framework; includeInIndex = 0; path = Pods_Bestanimations.framework; sourceTree = BUILT_PRODUCTS_DIR; };
		E5729C7690F5680A04CF8878 /* Pods-Bestanimations.release.xcconfig */ = {isa = PBXFileReference; includeInIndex = 1; lastKnownFileType = text.xcconfig; name = "Pods-Bestanimations.release.xcconfig"; path = "Target Support Files/Pods-Bestanimations/Pods-Bestanimations.release.xcconfig"; sourceTree = "<group>"; };
/* End PBXFileReference section */

/* Begin PBXFrameworksBuildPhase section */
		6D4502A5278DA88900784C49 /* Frameworks */ = {
			isa = PBXFrameworksBuildPhase;
			buildActionMask = 2147483647;
			files = (
				4FBE47F214C83D5C27CC30BC /* Pods_Bestanimations.framework in Frameworks */,
			);
			runOnlyForDeploymentPostprocessing = 0;
		};
/* End PBXFrameworksBuildPhase section */

/* Begin PBXGroup section */
		0D38B21330F34532CE69FC15 /* Frameworks */ = {
			isa = PBXGroup;
			children = (
				D327142C0797F9652CC977D5 /* Pods_Bestanimations.framework */,
			);
			name = Frameworks;
			sourceTree = "<group>";
		};
		6D45029F278DA88900784C49 = {
			isa = PBXGroup;
			children = (
				6D4502AA278DA88900784C49 /* Bestanimations */,
				6D4502A9278DA88900784C49 /* Products */,
				B3572B2A8019C2B0FB5EA162 /* Pods */,
				0D38B21330F34532CE69FC15 /* Frameworks */,
			);
			sourceTree = "<group>";
		};
		6D4502A9278DA88900784C49 /* Products */ = {
			isa = PBXGroup;
			children = (
				6D4502A8278DA88900784C49 /* Bestanimations.app */,
			);
			name = Products;
			sourceTree = "<group>";
		};
		6D4502AA278DA88900784C49 /* Bestanimations */ = {
			isa = PBXGroup;
			children = (
				6D4502AB278DA88900784C49 /* AppDelegate.swift */,
				6D4502AD278DA88900784C49 /* SceneDelegate.swift */,
				6D4502AF278DA88900784C49 /* ViewController.swift */,
				6D4502C1278DB90400784C49 /* Extension + UIButton.swift */,
				6D4502B1278DA88900784C49 /* Main.storyboard */,
				6D4502B4278DA88A00784C49 /* Assets.xcassets */,
				6D4502B6278DA88A00784C49 /* LaunchScreen.storyboard */,
				6D4502B9278DA88A00784C49 /* Info.plist */,
			);
			path = Bestanimations;
			sourceTree = "<group>";
		};
		B3572B2A8019C2B0FB5EA162 /* Pods */ = {
			isa = PBXGroup;
			children = (
				0D17F1E0E2925C1676FDFF68 /* Pods-Bestanimations.debug.xcconfig */,
				E5729C7690F5680A04CF8878 /* Pods-Bestanimations.release.xcconfig */,
			);
			name = Pods;
			path = Pods;
			sourceTree = "<group>";
		};
/* End PBXGroup section */

/* Begin PBXNativeTarget section */
		6D4502A7278DA88900784C49 /* Bestanimations */ = {
			isa = PBXNativeTarget;
			buildConfigurationList = 6D4502BC278DA88A00784C49 /* Build configuration list for PBXNativeTarget "Bestanimations" */;
			buildPhases = (
				50FFF4EB6CCA602BCF918906 /* [CP] Check Pods Manifest.lock */,
				6D4502A4278DA88900784C49 /* Sources */,
				6D4502A5278DA88900784C49 /* Frameworks */,
				6D4502A6278DA88900784C49 /* Resources */,
				7A7EE1A53432C4B88D74F8BC /* [CP] Embed Pods Frameworks */,
			);
			buildRules = (
			);
			dependencies = (
			);
			name = Bestanimations;
			productName = Bestanimations;
			productReference = 6D4502A8278DA88900784C49 /* Bestanimations.app */;
			productType = "com.apple.product-type.application";
		};
/* End PBXNativeTarget section */

/* Begin PBXProject section */
		6D4502A0278DA88900784C49 /* Project object */ = {
			isa = PBXProject;
			attributes = {
				BuildIndependentTargetsInParallel = 1;
				LastSwiftUpdateCheck = 1320;
				LastUpgradeCheck = 1320;
				TargetAttributes = {
					6D4502A7278DA88900784C49 = {
						CreatedOnToolsVersion = 13.2.1;
					};
				};
			};
			buildConfigurationList = 6D4502A3278DA88900784C49 /* Build configuration list for PBXProject "Bestanimations" */;
			compatibilityVersion = "Xcode 13.0";
			developmentRegion = en;
			hasScannedForEncodings = 0;
			knownRegions = (
				en,
				Base,
			);
			mainGroup = 6D45029F278DA88900784C49;
			productRefGroup = 6D4502A9278DA88900784C49 /* Products */;
			projectDirPath = "";
			projectRoot = "";
			targets = (
				6D4502A7278DA88900784C49 /* Bestanimations */,
			);
		};
/* End PBXProject section */

/* Begin PBXResourcesBuildPhase section */
		6D4502A6278DA88900784C49 /* Resources */ = {
			isa = PBXResourcesBuildPhase;
			buildActionMask = 2147483647;
			files = (
				6D4502B8278DA88A00784C49 /* LaunchScreen.storyboard in Resources */,
				6D4502B5278DA88A00784C49 /* Assets.xcassets in Resources */,
				6D4502B3278DA88900784C49 /* Main.storyboard in Resources */,
			);
			runOnlyForDeploymentPostprocessing = 0;
		};
/* End PBXResourcesBuildPhase section */

/* Begin PBXShellScriptBuildPhase section */
		50FFF4EB6CCA602BCF918906 /* [CP] Check Pods Manifest.lock */ = {
			isa = PBXShellScriptBuildPhase;
			buildActionMask = 2147483647;
			files = (
			);
			inputFileListPaths = (
			);
			inputPaths = (
				"${PODS_PODFILE_DIR_PATH}/Podfile.lock",
				"${PODS_ROOT}/Manifest.lock",
			);
			name = "[CP] Check Pods Manifest.lock";
			outputFileListPaths = (
			);
			outputPaths = (
				"$(DERIVED_FILE_DIR)/Pods-Bestanimations-checkManifestLockResult.txt",
			);
			runOnlyForDeploymentPostprocessing = 0;
			shellPath = /bin/sh;
			shellScript = "diff \"${PODS_PODFILE_DIR_PATH}/Podfile.lock\" \"${PODS_ROOT}/Manifest.lock\" > /dev/null\nif [ $? != 0 ] ; then\n    # print error to STDERR\n    echo \"error: The sandbox is not in sync with the Podfile.lock. Run 'pod install' or update your CocoaPods installation.\" >&2\n    exit 1\nfi\n# This output is used by Xcode 'outputs' to avoid re-running this script phase.\necho \"SUCCESS\" > \"${SCRIPT_OUTPUT_FILE_0}\"\n";
			showEnvVarsInLog = 0;
		};
		7A7EE1A53432C4B88D74F8BC /* [CP] Embed Pods Frameworks */ = {
			isa = PBXShellScriptBuildPhase;
			buildActionMask = 2147483647;
			files = (
			);
			inputFileListPaths = (
				"${PODS_ROOT}/Target Support Files/Pods-Bestanimations/Pods-Bestanimations-frameworks-${CONFIGURATION}-input-files.xcfilelist",
			);
			name = "[CP] Embed Pods Frameworks";
			outputFileListPaths = (
				"${PODS_ROOT}/Target Support Files/Pods-Bestanimations/Pods-Bestanimations-frameworks-${CONFIGURATION}-output-files.xcfilelist",
			);
			runOnlyForDeploymentPostprocessing = 0;
			shellPath = /bin/sh;
			shellScript = "\"${PODS_ROOT}/Target Support Files/Pods-Bestanimations/Pods-Bestanimations-frameworks.sh\"\n";
			showEnvVarsInLog = 0;
		};
/* End PBXShellScriptBuildPhase section */

/* Begin PBXSourcesBuildPhase section */
		6D4502A4278DA88900784C49 /* Sources */ = {
			isa = PBXSourcesBuildPhase;
			buildActionMask = 2147483647;
			files = (
				6D4502B0278DA88900784C49 /* ViewController.swift in Sources */,
				6D4502AC278DA88900784C49 /* AppDelegate.swift in Sources */,
				6D4502AE278DA88900784C49 /* SceneDelegate.swift in Sources */,
				6D4502C2278DB90400784C49 /* Extension + UIButton.swift in Sources */,
			);
			runOnlyForDeploymentPostprocessing = 0;
		};
/* End PBXSourcesBuildPhase section */

/* Begin PBXVariantGroup section */
		6D4502B1278DA88900784C49 /* Main.storyboard */ = {
			isa = PBXVariantGroup;
			children = (
				6D4502B2278DA88900784C49 /* Base */,
			);
			name = Main.storyboard;
			sourceTree = "<group>";
		};
		6D4502B6278DA88A00784C49 /* LaunchScreen.storyboard */ = {
			isa = PBXVariantGroup;
			children = (
				6D4502B7278DA88A00784C49 /* Base */,
			);
			name = LaunchScreen.storyboard;
			sourceTree = "<group>";
		};
/* End PBXVariantGroup section */

/* Begin XCBuildConfiguration section */
		6D4502BA278DA88A00784C49 /* Debug */ = {
			isa = XCBuildConfiguration;
			buildSettings = {
				ALWAYS_SEARCH_USER_PATHS = NO;
				CLANG_ANALYZER_NONNULL = YES;
				CLANG_ANALYZER_NUMBER_OBJECT_CONVERSION = YES_AGGRESSIVE;
				CLANG_CXX_LANGUAGE_STANDARD = "gnu++17";
				CLANG_CXX_LIBRARY = "libc++";
				CLANG_ENABLE_MODULES = YES;
				CLANG_ENABLE_OBJC_ARC = YES;
				CLANG_ENABLE_OBJC_WEAK = YES;
				CLANG_WARN_BLOCK_CAPTURE_AUTORELEASING = YES;
				CLANG_WARN_BOOL_CONVERSION = YES;
				CLANG_WARN_COMMA = YES;
				CLANG_WARN_CONSTANT_CONVERSION = YES;
				CLANG_WARN_DEPRECATED_OBJC_IMPLEMENTATIONS = YES;
				CLANG_WARN_DIRECT_OBJC_ISA_USAGE = YES_ERROR;
				CLANG_WARN_DOCUMENTATION_COMMENTS = YES;
				CLANG_WARN_EMPTY_BODY = YES;
				CLANG_WARN_ENUM_CONVERSION = YES;
				CLANG_WARN_INFINITE_RECURSION = YES;
				CLANG_WARN_INT_CONVERSION = YES;
				CLANG_WARN_NON_LITERAL_NULL_CONVERSION = YES;
				CLANG_WARN_OBJC_IMPLICIT_RETAIN_SELF = YES;
				CLANG_WARN_OBJC_LITERAL_CONVERSION = YES;
				CLANG_WARN_OBJC_ROOT_CLASS = YES_ERROR;
				CLANG_WARN_QUOTED_INCLUDE_IN_FRAMEWORK_HEADER = YES;
				CLANG_WARN_RANGE_LOOP_ANALYSIS = YES;
				CLANG_WARN_STRICT_PROTOTYPES = YES;
				CLANG_WARN_SUSPICIOUS_MOVE = YES;
				CLANG_WARN_UNGUARDED_AVAILABILITY = YES_AGGRESSIVE;
				CLANG_WARN_UNREACHABLE_CODE = YES;
				CLANG_WARN__DUPLICATE_METHOD_MATCH = YES;
				COPY_PHASE_STRIP = NO;
				DEBUG_INFORMATION_FORMAT = dwarf;
				ENABLE_STRICT_OBJC_MSGSEND = YES;
				ENABLE_TESTABILITY = YES;
				GCC_C_LANGUAGE_STANDARD = gnu11;
				GCC_DYNAMIC_NO_PIC = NO;
				GCC_NO_COMMON_BLOCKS = YES;
				GCC_OPTIMIZATION_LEVEL = 0;
				GCC_PREPROCESSOR_DEFINITIONS = (
					"DEBUG=1",
					"$(inherited)",
				);
				GCC_WARN_64_TO_32_BIT_CONVERSION = YES;
				GCC_WARN_ABOUT_RETURN_TYPE = YES_ERROR;
				GCC_WARN_UNDECLARED_SELECTOR = YES;
				GCC_WARN_UNINITIALIZED_AUTOS = YES_AGGRESSIVE;
				GCC_WARN_UNUSED_FUNCTION = YES;
				GCC_WARN_UNUSED_VARIABLE = YES;
				IPHONEOS_DEPLOYMENT_TARGET = 15.2;
				MTL_ENABLE_DEBUG_INFO = INCLUDE_SOURCE;
				MTL_FAST_MATH = YES;
				ONLY_ACTIVE_ARCH = YES;
				SDKROOT = iphoneos;
				SWIFT_ACTIVE_COMPILATION_CONDITIONS = DEBUG;
				SWIFT_OPTIMIZATION_LEVEL = "-Onone";
			};
			name = Debug;
		};
		6D4502BB278DA88A00784C49 /* Release */ = {
			isa = XCBuildConfiguration;
			buildSettings = {
				ALWAYS_SEARCH_USER_PATHS = NO;
				CLANG_ANALYZER_NONNULL = YES;
				CLANG_ANALYZER_NUMBER_OBJECT_CONVERSION = YES_AGGRESSIVE;
				CLANG_CXX_LANGUAGE_STANDARD = "gnu++17";
				CLANG_CXX_LIBRARY = "libc++";
				CLANG_ENABLE_MODULES = YES;
				CLANG_ENABLE_OBJC_ARC = YES;
				CLANG_ENABLE_OBJC_WEAK = YES;
				CLANG_WARN_BLOCK_CAPTURE_AUTORELEASING = YES;
				CLANG_WARN_BOOL_CONVERSION = YES;
				CLANG_WARN_COMMA = YES;
				CLANG_WARN_CONSTANT_CONVERSION = YES;
				CLANG_WARN_DEPRECATED_OBJC_IMPLEMENTATIONS = YES;
				CLANG_WARN_DIRECT_OBJC_ISA_USAGE = YES_ERROR;
				CLANG_WARN_DOCUMENTATION_COMMENTS = YES;
				CLANG_WARN_EMPTY_BODY = YES;
				CLANG_WARN_ENUM_CONVERSION = YES;
				CLANG_WARN_INFINITE_RECURSION = YES;
				CLANG_WARN_INT_CONVERSION = YES;
				CLANG_WARN_NON_LITERAL_NULL_CONVERSION = YES;
				CLANG_WARN_OBJC_IMPLICIT_RETAIN_SELF = YES;
				CLANG_WARN_OBJC_LITERAL_CONVERSION = YES;
				CLANG_WARN_OBJC_ROOT_CLASS = YES_ERROR;
				CLANG_WARN_QUOTED_INCLUDE_IN_FRAMEWORK_HEADER = YES;
				CLANG_WARN_RANGE_LOOP_ANALYSIS = YES;
				CLANG_WARN_STRICT_PROTOTYPES = YES;
				CLANG_WARN_SUSPICIOUS_MOVE = YES;
				CLANG_WARN_UNGUARDED_AVAILABILITY = YES_AGGRESSIVE;
				CLANG_WARN_UNREACHABLE_CODE = YES;
				CLANG_WARN__DUPLICATE_METHOD_MATCH = YES;
				COPY_PHASE_STRIP = NO;
				DEBUG_INFORMATION_FORMAT = "dwarf-with-dsym";
				ENABLE_NS_ASSERTIONS = NO;
				ENABLE_STRICT_OBJC_MSGSEND = YES;
				GCC_C_LANGUAGE_STANDARD = gnu11;
				GCC_NO_COMMON_BLOCKS = YES;
				GCC_WARN_64_TO_32_BIT_CONVERSION = YES;
				GCC_WARN_ABOUT_RETURN_TYPE = YES_ERROR;
				GCC_WARN_UNDECLARED_SELECTOR = YES;
				GCC_WARN_UNINITIALIZED_AUTOS = YES_AGGRESSIVE;
				GCC_WARN_UNUSED_FUNCTION = YES;
				GCC_WARN_UNUSED_VARIABLE = YES;
				IPHONEOS_DEPLOYMENT_TARGET = 15.2;
				MTL_ENABLE_DEBUG_INFO = NO;
				MTL_FAST_MATH = YES;
				SDKROOT = iphoneos;
				SWIFT_COMPILATION_MODE = wholemodule;
				SWIFT_OPTIMIZATION_LEVEL = "-O";
				VALIDATE_PRODUCT = YES;
			};
			name = Release;
		};
		6D4502BD278DA88A00784C49 /* Debug */ = {
			isa = XCBuildConfiguration;
			baseConfigurationReference = 0D17F1E0E2925C1676FDFF68 /* Pods-Bestanimations.debug.xcconfig */;
			buildSettings = {
				ASSETCATALOG_COMPILER_APPICON_NAME = AppIcon;
				ASSETCATALOG_COMPILER_GLOBAL_ACCENT_COLOR_NAME = AccentColor;
				CODE_SIGN_STYLE = Automatic;
				CURRENT_PROJECT_VERSION = 1;
				DEVELOPMENT_TEAM = 49Y6LADA97;
				GENERATE_INFOPLIST_FILE = YES;
				INFOPLIST_FILE = Bestanimations/Info.plist;
				INFOPLIST_KEY_UIApplicationSupportsIndirectInputEvents = YES;
				INFOPLIST_KEY_UILaunchStoryboardName = LaunchScreen;
				INFOPLIST_KEY_UIMainStoryboardFile = Main;
				INFOPLIST_KEY_UISupportedInterfaceOrientations_iPad = "UIInterfaceOrientationPortrait UIInterfaceOrientationPortraitUpsideDown UIInterfaceOrientationLandscapeLeft UIInterfaceOrientationLandscapeRight";
				INFOPLIST_KEY_UISupportedInterfaceOrientations_iPhone = "UIInterfaceOrientationPortrait UIInterfaceOrientationLandscapeLeft UIInterfaceOrientationLandscapeRight";
				LD_RUNPATH_SEARCH_PATHS = (
					"$(inherited)",
					"@executable_path/Frameworks",
				);
				MARKETING_VERSION = 1.0;
				PRODUCT_BUNDLE_IDENTIFIER = "Dmitry-Borodulkin.Bestanimations";
				PRODUCT_NAME = "$(TARGET_NAME)";
				SWIFT_EMIT_LOC_STRINGS = YES;
				SWIFT_VERSION = 5.0;
				TARGETED_DEVICE_FAMILY = 1;
			};
			name = Debug;
		};
		6D4502BE278DA88A00784C49 /* Release */ = {
			isa = XCBuildConfiguration;
			baseConfigurationReference = E5729C7690F5680A04CF8878 /* Pods-Bestanimations.release.xcconfig */;
			buildSettings = {
				ASSETCATALOG_COMPILER_APPICON_NAME = AppIcon;
				ASSETCATALOG_COMPILER_GLOBAL_ACCENT_COLOR_NAME = AccentColor;
				CODE_SIGN_STYLE = Automatic;
				CURRENT_PROJECT_VERSION = 1;
				DEVELOPMENT_TEAM = 49Y6LADA97;
				GENERATE_INFOPLIST_FILE = YES;
				INFOPLIST_FILE = Bestanimations/Info.plist;
				INFOPLIST_KEY_UIApplicationSupportsIndirectInputEvents = YES;
				INFOPLIST_KEY_UILaunchStoryboardName = LaunchScreen;
				INFOPLIST_KEY_UIMainStoryboardFile = Main;
				INFOPLIST_KEY_UISupportedInterfaceOrientations_iPad = "UIInterfaceOrientationPortrait UIInterfaceOrientationPortraitUpsideDown UIInterfaceOrientationLandscapeLeft UIInterfaceOrientationLandscapeRight";
				INFOPLIST_KEY_UISupportedInterfaceOrientations_iPhone = "UIInterfaceOrientationPortrait UIInterfaceOrientationLandscapeLeft UIInterfaceOrientationLandscapeRight";
				LD_RUNPATH_SEARCH_PATHS = (
					"$(inherited)",
					"@executable_path/Frameworks",
				);
				MARKETING_VERSION = 1.0;
				PRODUCT_BUNDLE_IDENTIFIER = "Dmitry-Borodulkin.Bestanimations";
				PRODUCT_NAME = "$(TARGET_NAME)";
				SWIFT_EMIT_LOC_STRINGS = YES;
				SWIFT_VERSION = 5.0;
				TARGETED_DEVICE_FAMILY = 1;
			};
			name = Release;
		};
/* End XCBuildConfiguration section */

/* Begin XCConfigurationList section */
		6D4502A3278DA88900784C49 /* Build configuration list for PBXProject "Bestanimations" */ = {
			isa = XCConfigurationList;
			buildConfigurations = (
				6D4502BA278DA88A00784C49 /* Debug */,
				6D4502BB278DA88A00784C49 /* Release */,
			);
			defaultConfigurationIsVisible = 0;
			defaultConfigurationName = Release;
		};
		6D4502BC278DA88A00784C49 /* Build configuration list for PBXNativeTarget "Bestanimations" */ = {
			isa = XCConfigurationList;
			buildConfigurations = (
				6D4502BD278DA88A00784C49 /* Debug */,
				6D4502BE278DA88A00784C49 /* Release */,
			);
			defaultConfigurationIsVisible = 0;
			defaultConfigurationName = Release;
		};
/* End XCConfigurationList section */
	};
	rootObject = 6D4502A0278DA88900784C49 /* Project object */;
}
